
Microsoft Visual Studio Solution File, Format Version 12.00
# Visual Studio Version 17
VisualStudioVersion = 17.6.33723.286
MinimumVisualStudioVersion = 10.0.40219.1
Project("{FAE04EC0-301F-11D3-BF4B-00C04F79EFBC}") = "XRayLab.UI", "XRayLab.UI\XRayLab.UI.csproj", "{D3E98E65-DC29-45E4-927C-E425F2D80B68}"
EndProject
Global
	GlobalSection(SolutionConfigurationPlatforms) = preSolution
		Debug|Any CPU = Debug|Any CPU
		Release|Any CPU = Release|Any CPU
	EndGlobalSection
	GlobalSection(ProjectConfigurationPlatforms) = postSolution
		{D3E98E65-DC29-45E4-927C-E425F2D80B68}.Debug|Any CPU.ActiveCfg = Debug|Any CPU
		{D3E98E65-DC29-45E4-927C-E425F2D80B68}.Debug|Any CPU.Build.0 = Debug|Any CPU
		{D3E98E65-DC29-45E4-927C-E425F2D80B68}.Release|Any CPU.ActiveCfg = Release|Any CPU
		{D3E98E65-DC29-45E4-927C-E425F2D80B68}.Release|Any CPU.Build.0 = Release|Any CPU
	EndGlobalSection
	GlobalSection(SolutionProperties) = preSolution
		HideSolutionNode = FALSE
	EndGlobalSection
	GlobalSection(ExtensibilityGlobals) = postSolution
		SolutionGuid = {35931CA0-1928-479E-9D33-7125AC006918}
	EndGlobalSection
EndGlobal
